
Microsoft Visual Studio Solution File, Format Version 12.00
# Visual Studio Version 17
VisualStudioVersion = 17.3.32929.385
MinimumVisualStudioVersion = 10.0.40219.1
Project("{FAE04EC0-301F-11D3-BF4B-00C04F79EFBC}") = "PROJECT_DSWI", "PROJECT_DSWI\PROJECT_DSWI.csproj", "{76580044-0DF7-4F53-A982-162E37F6369C}"
EndProject
Global
	GlobalSection(SolutionConfigurationPlatforms) = preSolution
		Debug|Any CPU = Debug|Any CPU
		Release|Any CPU = Release|Any CPU
	EndGlobalSection
	GlobalSection(ProjectConfigurationPlatforms) = postSolution
		{76580044-0DF7-4F53-A982-162E37F6369C}.Debug|Any CPU.ActiveCfg = Debug|Any CPU
		{76580044-0DF7-4F53-A982-162E37F6369C}.Debug|Any CPU.Build.0 = Debug|Any CPU
		{76580044-0DF7-4F53-A982-162E37F6369C}.Release|Any CPU.ActiveCfg = Release|Any CPU
		{76580044-0DF7-4F53-A982-162E37F6369C}.Release|Any CPU.Build.0 = Release|Any CPU
	EndGlobalSection
	GlobalSection(SolutionProperties) = preSolution
		HideSolutionNode = FALSE
	EndGlobalSection
	GlobalSection(ExtensibilityGlobals) = postSolution
		SolutionGuid = {B7516104-206F-4C5E-9F5D-DAB7960DD525}
	EndGlobalSection
EndGlobal
